
Microsoft Visual Studio Solution File, Format Version 12.00
# Visual Studio Version 17
VisualStudioVersion = 17.4.33205.214
MinimumVisualStudioVersion = 10.0.40219.1
Project("{FAE04EC0-301F-11D3-BF4B-00C04F79EFBC}") = "ProcessEntryPlus", "ProcessEntryPlus\ProcessEntryPlus.csproj", "{D377F6B5-AE6C-4724-A89F-2C8E19C316EA}"
EndProject
Global
	GlobalSection(SolutionConfigurationPlatforms) = preSolution
		Debug|Any CPU = Debug|Any CPU
		Release|Any CPU = Release|Any CPU
	EndGlobalSection
	GlobalSection(ProjectConfigurationPlatforms) = postSolution
		{D377F6B5-AE6C-4724-A89F-2C8E19C316EA}.Debug|Any CPU.ActiveCfg = Debug|Any CPU
		{D377F6B5-AE6C-4724-A89F-2C8E19C316EA}.Debug|Any CPU.Build.0 = Debug|Any CPU
		{D377F6B5-AE6C-4724-A89F-2C8E19C316EA}.Release|Any CPU.ActiveCfg = Release|Any CPU
		{D377F6B5-AE6C-4724-A89F-2C8E19C316EA}.Release|Any CPU.Build.0 = Release|Any CPU
	EndGlobalSection
	GlobalSection(SolutionProperties) = preSolution
		HideSolutionNode = FALSE
	EndGlobalSection
	GlobalSection(ExtensibilityGlobals) = postSolution
		SolutionGuid = {2B704F13-D540-4A26-82E6-1E78C4493438}
	EndGlobalSection
EndGlobal
